{
  "name": "DOPAMINBOOST",
  "lockfileVersion": 3,
  "requires": true,
  "packages": {
    "": {
      "dependencies": {
        "angularjs-datepicker": "^2.1.23",
        "canvas-confetti": "^1.9.3"
      }
    },
    "node_modules/angularjs-datepicker": {
      "version": "2.1.23",
      "resolved": "https://registry.npmjs.org/angularjs-datepicker/-/angularjs-datepicker-2.1.23.tgz",
      "integrity": "sha512-oEya22eGO3vOiBiTNd8+Tu06pM4nwvb+jebkIAU3Ycj6qbT9ZDe5/Q68nMKfXHG26RNvHVh9fX3uqNpoiEMgwQ=="
    },
    "node_modules/canvas-confetti": {
      "version": "1.9.3",
      "resolved": "https://registry.npmjs.org/canvas-confetti/-/canvas-confetti-1.9.3.tgz",
      "integrity": "sha512-rFfTURMvmVEX1gyXFgn5QMn81bYk70qa0HLzcIOSVEyl57n6o9ItHeBtUSWdvKAPY0xlvBHno4/v3QPrT83q9g==",
      "funding": {
        "type": "donate",
        "url": "https://www.paypal.me/kirilvatev"
      }
    }
  }
}
